
Microsoft Visual Studio Solution File, Format Version 12.00
# Visual Studio Version 17
VisualStudioVersion = 17.0.32112.339
MinimumVisualStudioVersion = 10.0.40219.1
Project("{FAE04EC0-301F-11D3-BF4B-00C04F79EFBC}") = "EncodingConverter", "EncodingConverter\EncodingConverter.csproj", "{6584B852-BD57-49EF-BDE9-DD2D0A39B685}"
EndProject
Project("{FAE04EC0-301F-11D3-BF4B-00C04F79EFBC}") = "UWPEncodingConverter", "UWPEncodingConverter\UWPEncodingConverter.csproj", "{0AAFA031-ACD1-4A21-B9A6-41E6330E168B}"
EndProject
Project("{C7167F0D-BC9F-4E6E-AFE1-012C56B48DB5}") = "Installer", "Installer\Installer.wapproj", "{8C5E9BC7-0E7F-4838-A034-C664AD471266}"
EndProject
Project("{2150E333-8FDC-42A3-9474-1A3956D46DE8}") = "Solution Items", "Solution Items", "{F7EE651E-6FDE-4478-B45E-32C9A6DDDB62}"
	ProjectSection(SolutionItems) = preProject
		ReadMe.txt = ReadMe.txt
		ToDo.txt = ToDo.txt
	EndProjectSection
EndProject
Project("{FAE04EC0-301F-11D3-BF4B-00C04F79EFBC}") = "EncodingConverterMSTests", "EncodingConverterMSTests\EncodingConverterMSTests.csproj", "{FCAAD498-C524-4F7C-9B41-5B7F4F7D5C55}"
EndProject
Global
	GlobalSection(SolutionConfigurationPlatforms) = preSolution
		Debug|Any CPU = Debug|Any CPU
		Debug|ARM = Debug|ARM
		Debug|ARM64 = Debug|ARM64
		Debug|x64 = Debug|x64
		Debug|x86 = Debug|x86
		Release|Any CPU = Release|Any CPU
		Release|ARM = Release|ARM
		Release|ARM64 = Release|ARM64
		Release|x64 = Release|x64
		Release|x86 = Release|x86
		x86|Any CPU = x86|Any CPU
		x86|ARM = x86|ARM
		x86|ARM64 = x86|ARM64
		x86|x64 = x86|x64
		x86|x86 = x86|x86
	EndGlobalSection
	GlobalSection(ProjectConfigurationPlatforms) = postSolution
		{6584B852-BD57-49EF-BDE9-DD2D0A39B685}.Debug|Any CPU.ActiveCfg = Debug|Any CPU
		{6584B852-BD57-49EF-BDE9-DD2D0A39B685}.Debug|Any CPU.Build.0 = Debug|Any CPU
		{6584B852-BD57-49EF-BDE9-DD2D0A39B685}.Debug|ARM.ActiveCfg = Debug|Any CPU
		{6584B852-BD57-49EF-BDE9-DD2D0A39B685}.Debug|ARM.Build.0 = Debug|Any CPU
		{6584B852-BD57-49EF-BDE9-DD2D0A39B685}.Debug|ARM64.ActiveCfg = Debug|Any CPU
		{6584B852-BD57-49EF-BDE9-DD2D0A39B685}.Debug|ARM64.Build.0 = Debug|Any CPU
		{6584B852-BD57-49EF-BDE9-DD2D0A39B685}.Debug|x64.ActiveCfg = Debug|Any CPU
		{6584B852-BD57-49EF-BDE9-DD2D0A39B685}.Debug|x64.Build.0 = Debug|Any CPU
		{6584B852-BD57-49EF-BDE9-DD2D0A39B685}.Debug|x86.ActiveCfg = Debug|x86
		{6584B852-BD57-49EF-BDE9-DD2D0A39B685}.Debug|x86.Build.0 = Debug|x86
		{6584B852-BD57-49EF-BDE9-DD2D0A39B685}.Release|Any CPU.ActiveCfg = Release|Any CPU
		{6584B852-BD57-49EF-BDE9-DD2D0A39B685}.Release|Any CPU.Build.0 = Release|Any CPU
		{6584B852-BD57-49EF-BDE9-DD2D0A39B685}.Release|ARM.ActiveCfg = Release|Any CPU
		{6584B852-BD57-49EF-BDE9-DD2D0A39B685}.Release|ARM.Build.0 = Release|Any CPU
		{6584B852-BD57-49EF-BDE9-DD2D0A39B685}.Release|ARM64.ActiveCfg = Release|Any CPU
		{6584B852-BD57-49EF-BDE9-DD2D0A39B685}.Release|ARM64.Build.0 = Release|Any CPU
		{6584B852-BD57-49EF-BDE9-DD2D0A39B685}.Release|x64.ActiveCfg = Release|Any CPU
		{6584B852-BD57-49EF-BDE9-DD2D0A39B685}.Release|x64.Build.0 = Release|Any CPU
		{6584B852-BD57-49EF-BDE9-DD2D0A39B685}.Release|x86.ActiveCfg = Release|x86
		{6584B852-BD57-49EF-BDE9-DD2D0A39B685}.Release|x86.Build.0 = Release|x86
		{6584B852-BD57-49EF-BDE9-DD2D0A39B685}.x86|Any CPU.ActiveCfg = Release|Any CPU
		{6584B852-BD57-49EF-BDE9-DD2D0A39B685}.x86|Any CPU.Build.0 = Release|Any CPU
		{6584B852-BD57-49EF-BDE9-DD2D0A39B685}.x86|ARM.ActiveCfg = Release|Any CPU
		{6584B852-BD57-49EF-BDE9-DD2D0A39B685}.x86|ARM.Build.0 = Release|Any CPU
		{6584B852-BD57-49EF-BDE9-DD2D0A39B685}.x86|ARM64.ActiveCfg = Release|Any CPU
		{6584B852-BD57-49EF-BDE9-DD2D0A39B685}.x86|ARM64.Build.0 = Release|Any CPU
		{6584B852-BD57-49EF-BDE9-DD2D0A39B685}.x86|x64.ActiveCfg = Release|Any CPU
		{6584B852-BD57-49EF-BDE9-DD2D0A39B685}.x86|x64.Build.0 = Release|Any CPU
		{6584B852-BD57-49EF-BDE9-DD2D0A39B685}.x86|x86.ActiveCfg = Release|x86
		{6584B852-BD57-49EF-BDE9-DD2D0A39B685}.x86|x86.Build.0 = Release|x86
		{0AAFA031-ACD1-4A21-B9A6-41E6330E168B}.Debug|Any CPU.ActiveCfg = Debug|x86
		{0AAFA031-ACD1-4A21-B9A6-41E6330E168B}.Debug|ARM.ActiveCfg = Debug|ARM
		{0AAFA031-ACD1-4A21-B9A6-41E6330E168B}.Debug|ARM.Build.0 = Debug|ARM
		{0AAFA031-ACD1-4A21-B9A6-41E6330E168B}.Debug|ARM.Deploy.0 = Debug|ARM
		{0AAFA031-ACD1-4A21-B9A6-41E6330E168B}.Debug|ARM64.ActiveCfg = Debug|ARM64
		{0AAFA031-ACD1-4A21-B9A6-41E6330E168B}.Debug|ARM64.Build.0 = Debug|ARM64
		{0AAFA031-ACD1-4A21-B9A6-41E6330E168B}.Debug|ARM64.Deploy.0 = Debug|ARM64
		{0AAFA031-ACD1-4A21-B9A6-41E6330E168B}.Debug|x64.ActiveCfg = Debug|x64
		{0AAFA031-ACD1-4A21-B9A6-41E6330E168B}.Debug|x64.Build.0 = Debug|x64
		{0AAFA031-ACD1-4A21-B9A6-41E6330E168B}.Debug|x64.Deploy.0 = Debug|x64
		{0AAFA031-ACD1-4A21-B9A6-41E6330E168B}.Debug|x86.ActiveCfg = Debug|x86
		{0AAFA031-ACD1-4A21-B9A6-41E6330E168B}.Debug|x86.Build.0 = Debug|x86
		{0AAFA031-ACD1-4A21-B9A6-41E6330E168B}.Debug|x86.Deploy.0 = Debug|x86
		{0AAFA031-ACD1-4A21-B9A6-41E6330E168B}.Release|Any CPU.ActiveCfg = Release|x86
		{0AAFA031-ACD1-4A21-B9A6-41E6330E168B}.Release|ARM.ActiveCfg = Release|ARM
		{0AAFA031-ACD1-4A21-B9A6-41E6330E168B}.Release|ARM.Build.0 = Release|ARM
		{0AAFA031-ACD1-4A21-B9A6-41E6330E168B}.Release|ARM.Deploy.0 = Release|ARM
		{0AAFA031-ACD1-4A21-B9A6-41E6330E168B}.Release|ARM64.ActiveCfg = Release|ARM64
		{0AAFA031-ACD1-4A21-B9A6-41E6330E168B}.Release|ARM64.Build.0 = Release|ARM64
		{0AAFA031-ACD1-4A21-B9A6-41E6330E168B}.Release|ARM64.Deploy.0 = Release|ARM64
		{0AAFA031-ACD1-4A21-B9A6-41E6330E168B}.Release|x64.ActiveCfg = Release|x64
		{0AAFA031-ACD1-4A21-B9A6-41E6330E168B}.Release|x64.Build.0 = Release|x64
		{0AAFA031-ACD1-4A21-B9A6-41E6330E168B}.Release|x64.Deploy.0 = Release|x64
		{0AAFA031-ACD1-4A21-B9A6-41E6330E168B}.Release|x86.ActiveCfg = Release|x86
		{0AAFA031-ACD1-4A21-B9A6-41E6330E168B}.Release|x86.Build.0 = Release|x86
		{0AAFA031-ACD1-4A21-B9A6-41E6330E168B}.Release|x86.Deploy.0 = Release|x86
		{0AAFA031-ACD1-4A21-B9A6-41E6330E168B}.x86|Any CPU.ActiveCfg = Release|x64
		{0AAFA031-ACD1-4A21-B9A6-41E6330E168B}.x86|Any CPU.Build.0 = Release|x64
		{0AAFA031-ACD1-4A21-B9A6-41E6330E168B}.x86|Any CPU.Deploy.0 = Release|x64
		{0AAFA031-ACD1-4A21-B9A6-41E6330E168B}.x86|ARM.ActiveCfg = Release|ARM
		{0AAFA031-ACD1-4A21-B9A6-41E6330E168B}.x86|ARM.Build.0 = Release|ARM
		{0AAFA031-ACD1-4A21-B9A6-41E6330E168B}.x86|ARM.Deploy.0 = Release|ARM
		{0AAFA031-ACD1-4A21-B9A6-41E6330E168B}.x86|ARM64.ActiveCfg = Release|ARM64
		{0AAFA031-ACD1-4A21-B9A6-41E6330E168B}.x86|ARM64.Build.0 = Release|ARM64
		{0AAFA031-ACD1-4A21-B9A6-41E6330E168B}.x86|ARM64.Deploy.0 = Release|ARM64
		{0AAFA031-ACD1-4A21-B9A6-41E6330E168B}.x86|x64.ActiveCfg = Release|x64
		{0AAFA031-ACD1-4A21-B9A6-41E6330E168B}.x86|x64.Build.0 = Release|x64
		{0AAFA031-ACD1-4A21-B9A6-41E6330E168B}.x86|x64.Deploy.0 = Release|x64
		{0AAFA031-ACD1-4A21-B9A6-41E6330E168B}.x86|x86.ActiveCfg = Release|x86
		{0AAFA031-ACD1-4A21-B9A6-41E6330E168B}.x86|x86.Build.0 = Release|x86
		{0AAFA031-ACD1-4A21-B9A6-41E6330E168B}.x86|x86.Deploy.0 = Release|x86
		{8C5E9BC7-0E7F-4838-A034-C664AD471266}.Debug|Any CPU.ActiveCfg = Debug|Any CPU
		{8C5E9BC7-0E7F-4838-A034-C664AD471266}.Debug|Any CPU.Build.0 = Debug|Any CPU
		{8C5E9BC7-0E7F-4838-A034-C664AD471266}.Debug|Any CPU.Deploy.0 = Debug|Any CPU
		{8C5E9BC7-0E7F-4838-A034-C664AD471266}.Debug|ARM.ActiveCfg = Debug|ARM
		{8C5E9BC7-0E7F-4838-A034-C664AD471266}.Debug|ARM.Build.0 = Debug|ARM
		{8C5E9BC7-0E7F-4838-A034-C664AD471266}.Debug|ARM.Deploy.0 = Debug|ARM
		{8C5E9BC7-0E7F-4838-A034-C664AD471266}.Debug|ARM64.ActiveCfg = Debug|ARM64
		{8C5E9BC7-0E7F-4838-A034-C664AD471266}.Debug|ARM64.Build.0 = Debug|ARM64
		{8C5E9BC7-0E7F-4838-A034-C664AD471266}.Debug|ARM64.Deploy.0 = Debug|ARM64
		{8C5E9BC7-0E7F-4838-A034-C664AD471266}.Debug|x64.ActiveCfg = Debug|x64
		{8C5E9BC7-0E7F-4838-A034-C664AD471266}.Debug|x64.Build.0 = Debug|x64
		{8C5E9BC7-0E7F-4838-A034-C664AD471266}.Debug|x64.Deploy.0 = Debug|x64
		{8C5E9BC7-0E7F-4838-A034-C664AD471266}.Debug|x86.ActiveCfg = Debug|x86
		{8C5E9BC7-0E7F-4838-A034-C664AD471266}.Debug|x86.Build.0 = Debug|x86
		{8C5E9BC7-0E7F-4838-A034-C664AD471266}.Debug|x86.Deploy.0 = Debug|x86
		{8C5E9BC7-0E7F-4838-A034-C664AD471266}.Release|Any CPU.ActiveCfg = Release|Any CPU
		{8C5E9BC7-0E7F-4838-A034-C664AD471266}.Release|Any CPU.Build.0 = Release|Any CPU
		{8C5E9BC7-0E7F-4838-A034-C664AD471266}.Release|Any CPU.Deploy.0 = Release|Any CPU
		{8C5E9BC7-0E7F-4838-A034-C664AD471266}.Release|ARM.ActiveCfg = Release|ARM
		{8C5E9BC7-0E7F-4838-A034-C664AD471266}.Release|ARM.Build.0 = Release|ARM
		{8C5E9BC7-0E7F-4838-A034-C664AD471266}.Release|ARM.Deploy.0 = Release|ARM
		{8C5E9BC7-0E7F-4838-A034-C664AD471266}.Release|ARM64.ActiveCfg = Release|ARM64
		{8C5E9BC7-0E7F-4838-A034-C664AD471266}.Release|ARM64.Build.0 = Release|ARM64
		{8C5E9BC7-0E7F-4838-A034-C664AD471266}.Release|ARM64.Deploy.0 = Release|ARM64
		{8C5E9BC7-0E7F-4838-A034-C664AD471266}.Release|x64.ActiveCfg = Release|x64
		{8C5E9BC7-0E7F-4838-A034-C664AD471266}.Release|x64.Build.0 = Release|x64
		{8C5E9BC7-0E7F-4838-A034-C664AD471266}.Release|x64.Deploy.0 = Release|x64
		{8C5E9BC7-0E7F-4838-A034-C664AD471266}.Release|x86.ActiveCfg = Release|x86
		{8C5E9BC7-0E7F-4838-A034-C664AD471266}.Release|x86.Build.0 = Release|x86
		{8C5E9BC7-0E7F-4838-A034-C664AD471266}.Release|x86.Deploy.0 = Release|x86
		{8C5E9BC7-0E7F-4838-A034-C664AD471266}.x86|Any CPU.ActiveCfg = Release|Any CPU
		{8C5E9BC7-0E7F-4838-A034-C664AD471266}.x86|Any CPU.Build.0 = Release|Any CPU
		{8C5E9BC7-0E7F-4838-A034-C664AD471266}.x86|Any CPU.Deploy.0 = Release|Any CPU
		{8C5E9BC7-0E7F-4838-A034-C664AD471266}.x86|ARM.ActiveCfg = Debug|ARM
		{8C5E9BC7-0E7F-4838-A034-C664AD471266}.x86|ARM.Build.0 = Debug|ARM
		{8C5E9BC7-0E7F-4838-A034-C664AD471266}.x86|ARM.Deploy.0 = Debug|ARM
		{8C5E9BC7-0E7F-4838-A034-C664AD471266}.x86|ARM64.ActiveCfg = Debug|ARM64
		{8C5E9BC7-0E7F-4838-A034-C664AD471266}.x86|ARM64.Build.0 = Debug|ARM64
		{8C5E9BC7-0E7F-4838-A034-C664AD471266}.x86|ARM64.Deploy.0 = Debug|ARM64
		{8C5E9BC7-0E7F-4838-A034-C664AD471266}.x86|x64.ActiveCfg = Debug|x64
		{8C5E9BC7-0E7F-4838-A034-C664AD471266}.x86|x64.Build.0 = Debug|x64
		{8C5E9BC7-0E7F-4838-A034-C664AD471266}.x86|x64.Deploy.0 = Debug|x64
		{8C5E9BC7-0E7F-4838-A034-C664AD471266}.x86|x86.ActiveCfg = Debug|x86
		{8C5E9BC7-0E7F-4838-A034-C664AD471266}.x86|x86.Build.0 = Debug|x86
		{8C5E9BC7-0E7F-4838-A034-C664AD471266}.x86|x86.Deploy.0 = Debug|x86
		{FCAAD498-C524-4F7C-9B41-5B7F4F7D5C55}.Debug|Any CPU.ActiveCfg = Debug|Any CPU
		{FCAAD498-C524-4F7C-9B41-5B7F4F7D5C55}.Debug|Any CPU.Build.0 = Debug|Any CPU
		{FCAAD498-C524-4F7C-9B41-5B7F4F7D5C55}.Debug|ARM.ActiveCfg = Debug|Any CPU
		{FCAAD498-C524-4F7C-9B41-5B7F4F7D5C55}.Debug|ARM.Build.0 = Debug|Any CPU
		{FCAAD498-C524-4F7C-9B41-5B7F4F7D5C55}.Debug|ARM64.ActiveCfg = Debug|Any CPU
		{FCAAD498-C524-4F7C-9B41-5B7F4F7D5C55}.Debug|ARM64.Build.0 = Debug|Any CPU
		{FCAAD498-C524-4F7C-9B41-5B7F4F7D5C55}.Debug|x64.ActiveCfg = Debug|Any CPU
		{FCAAD498-C524-4F7C-9B41-5B7F4F7D5C55}.Debug|x64.Build.0 = Debug|Any CPU
		{FCAAD498-C524-4F7C-9B41-5B7F4F7D5C55}.Debug|x86.ActiveCfg = Debug|Any CPU
		{FCAAD498-C524-4F7C-9B41-5B7F4F7D5C55}.Debug|x86.Build.0 = Debug|Any CPU
		{FCAAD498-C524-4F7C-9B41-5B7F4F7D5C55}.Release|Any CPU.ActiveCfg = Release|Any CPU
		{FCAAD498-C524-4F7C-9B41-5B7F4F7D5C55}.Release|Any CPU.Build.0 = Release|Any CPU
		{FCAAD498-C524-4F7C-9B41-5B7F4F7D5C55}.Release|ARM.ActiveCfg = Release|Any CPU
		{FCAAD498-C524-4F7C-9B41-5B7F4F7D5C55}.Release|ARM.Build.0 = Release|Any CPU
		{FCAAD498-C524-4F7C-9B41-5B7F4F7D5C55}.Release|ARM64.ActiveCfg = Release|Any CPU
		{FCAAD498-C524-4F7C-9B41-5B7F4F7D5C55}.Release|ARM64.Build.0 = Release|Any CPU
		{FCAAD498-C524-4F7C-9B41-5B7F4F7D5C55}.Release|x64.ActiveCfg = Release|Any CPU
		{FCAAD498-C524-4F7C-9B41-5B7F4F7D5C55}.Release|x64.Build.0 = Release|Any CPU
		{FCAAD498-C524-4F7C-9B41-5B7F4F7D5C55}.Release|x86.ActiveCfg = Release|Any CPU
		{FCAAD498-C524-4F7C-9B41-5B7F4F7D5C55}.Release|x86.Build.0 = Release|Any CPU
		{FCAAD498-C524-4F7C-9B41-5B7F4F7D5C55}.x86|Any CPU.ActiveCfg = Debug|Any CPU
		{FCAAD498-C524-4F7C-9B41-5B7F4F7D5C55}.x86|Any CPU.Build.0 = Debug|Any CPU
		{FCAAD498-C524-4F7C-9B41-5B7F4F7D5C55}.x86|ARM.ActiveCfg = Debug|Any CPU
		{FCAAD498-C524-4F7C-9B41-5B7F4F7D5C55}.x86|ARM.Build.0 = Debug|Any CPU
		{FCAAD498-C524-4F7C-9B41-5B7F4F7D5C55}.x86|ARM64.ActiveCfg = Debug|Any CPU
		{FCAAD498-C524-4F7C-9B41-5B7F4F7D5C55}.x86|ARM64.Build.0 = Debug|Any CPU
		{FCAAD498-C524-4F7C-9B41-5B7F4F7D5C55}.x86|x64.ActiveCfg = Debug|Any CPU
		{FCAAD498-C524-4F7C-9B41-5B7F4F7D5C55}.x86|x64.Build.0 = Debug|Any CPU
		{FCAAD498-C524-4F7C-9B41-5B7F4F7D5C55}.x86|x86.ActiveCfg = Debug|Any CPU
		{FCAAD498-C524-4F7C-9B41-5B7F4F7D5C55}.x86|x86.Build.0 = Debug|Any CPU
	EndGlobalSection
	GlobalSection(SolutionProperties) = preSolution
		HideSolutionNode = FALSE
	EndGlobalSection
	GlobalSection(ExtensibilityGlobals) = postSolution
		SolutionGuid = {38BFBF5B-5B0A-4DFD-8FC0-E45F08CEB12E}
	EndGlobalSection
EndGlobal
