
Microsoft Visual Studio Solution File, Format Version 12.00
# Visual Studio Version 16
VisualStudioVersion = 16.0.30330.147
MinimumVisualStudioVersion = 10.0.40219.1
Project("{FAE04EC0-301F-11D3-BF4B-00C04F79EFBC}") = "EncodingConverter", "EncodingConverter\EncodingConverter.csproj", "{6584B852-BD57-49EF-BDE9-DD2D0A39B685}"
EndProject
Project("{FAE04EC0-301F-11D3-BF4B-00C04F79EFBC}") = "EncodingTools", "EncodingTools\EncodingTools.csproj", "{860F5B46-35A3-4590-8C19-83F735B785FB}"
EndProject
Global
	GlobalSection(SolutionConfigurationPlatforms) = preSolution
		Debug|Any CPU = Debug|Any CPU
		Debug|x86 = Debug|x86
		Release|Any CPU = Release|Any CPU
		Release|x86 = Release|x86
		x86|Any CPU = x86|Any CPU
		x86|x86 = x86|x86
	EndGlobalSection
	GlobalSection(ProjectConfigurationPlatforms) = postSolution
		{6584B852-BD57-49EF-BDE9-DD2D0A39B685}.Debug|Any CPU.ActiveCfg = Debug|Any CPU
		{6584B852-BD57-49EF-BDE9-DD2D0A39B685}.Debug|Any CPU.Build.0 = Debug|Any CPU
		{6584B852-BD57-49EF-BDE9-DD2D0A39B685}.Debug|x86.ActiveCfg = Debug|x86
		{6584B852-BD57-49EF-BDE9-DD2D0A39B685}.Debug|x86.Build.0 = Debug|x86
		{6584B852-BD57-49EF-BDE9-DD2D0A39B685}.Release|Any CPU.ActiveCfg = Release|Any CPU
		{6584B852-BD57-49EF-BDE9-DD2D0A39B685}.Release|Any CPU.Build.0 = Release|Any CPU
		{6584B852-BD57-49EF-BDE9-DD2D0A39B685}.Release|x86.ActiveCfg = Release|x86
		{6584B852-BD57-49EF-BDE9-DD2D0A39B685}.Release|x86.Build.0 = Release|x86
		{6584B852-BD57-49EF-BDE9-DD2D0A39B685}.x86|Any CPU.ActiveCfg = Release|Any CPU
		{6584B852-BD57-49EF-BDE9-DD2D0A39B685}.x86|Any CPU.Build.0 = Release|Any CPU
		{6584B852-BD57-49EF-BDE9-DD2D0A39B685}.x86|x86.ActiveCfg = Release|x86
		{6584B852-BD57-49EF-BDE9-DD2D0A39B685}.x86|x86.Build.0 = Release|x86
		{860F5B46-35A3-4590-8C19-83F735B785FB}.Debug|Any CPU.ActiveCfg = Debug|Any CPU
		{860F5B46-35A3-4590-8C19-83F735B785FB}.Debug|Any CPU.Build.0 = Debug|Any CPU
		{860F5B46-35A3-4590-8C19-83F735B785FB}.Debug|x86.ActiveCfg = Debug|x86
		{860F5B46-35A3-4590-8C19-83F735B785FB}.Debug|x86.Build.0 = Debug|x86
		{860F5B46-35A3-4590-8C19-83F735B785FB}.Release|Any CPU.ActiveCfg = Release|Any CPU
		{860F5B46-35A3-4590-8C19-83F735B785FB}.Release|Any CPU.Build.0 = Release|Any CPU
		{860F5B46-35A3-4590-8C19-83F735B785FB}.Release|x86.ActiveCfg = Release|x86
		{860F5B46-35A3-4590-8C19-83F735B785FB}.Release|x86.Build.0 = Release|x86
		{860F5B46-35A3-4590-8C19-83F735B785FB}.x86|Any CPU.ActiveCfg = x86|Any CPU
		{860F5B46-35A3-4590-8C19-83F735B785FB}.x86|Any CPU.Build.0 = x86|Any CPU
		{860F5B46-35A3-4590-8C19-83F735B785FB}.x86|x86.ActiveCfg = x86|x86
		{860F5B46-35A3-4590-8C19-83F735B785FB}.x86|x86.Build.0 = x86|x86
	EndGlobalSection
	GlobalSection(SolutionProperties) = preSolution
		HideSolutionNode = FALSE
	EndGlobalSection
	GlobalSection(ExtensibilityGlobals) = postSolution
		SolutionGuid = {38BFBF5B-5B0A-4DFD-8FC0-E45F08CEB12E}
	EndGlobalSection
EndGlobal
